
Microsoft Visual Studio Solution File, Format Version 12.00
# Visual Studio 2012
Project("{F184B08F-C81C-45F6-A57F-5ABD9991F28F}") = "01.Dropdown_menu", "01.Dropdown_menu\01.Dropdown_menu.vbproj", "{1EE4AAAF-303A-498D-9F56-B8B9C4DD8AE6}"
EndProject
Project("{F184B08F-C81C-45F6-A57F-5ABD9991F28F}") = "02.Var_1_task_1", "02.Var_1_task_1\02.Var_1_task_1.vbproj", "{59312A35-1C85-47D1-B7D1-0C332D4DCBBB}"
EndProject
Project("{F184B08F-C81C-45F6-A57F-5ABD9991F28F}") = "02.Var_1_task_2", "02.Var_1_task_2\02.Var_1_task_2.vbproj", "{C89D4AD0-3D7A-4EED-8EF1-5E735AA980DD}"
EndProject
Project("{F184B08F-C81C-45F6-A57F-5ABD9991F28F}") = "02.Var_1_task_3", "02.Var_1_task_3\02.Var_1_task_3.vbproj", "{4181262D-2CCB-472C-973B-90B0FB80D85C}"
EndProject
Project("{F184B08F-C81C-45F6-A57F-5ABD9991F28F}") = "03.Var_2_task_1", "03.Var_2_task_1\03.Var_2_task_1.vbproj", "{801DD4D8-B5BF-4A8E-9A77-02F967F3F136}"
EndProject
Project("{F184B08F-C81C-45F6-A57F-5ABD9991F28F}") = "03.Var_2_task_2", "03.Var_2_task_2\03.Var_2_task_2.vbproj", "{A1C935FF-C84F-4E03-A558-1B5E3E179604}"
EndProject
Project("{F184B08F-C81C-45F6-A57F-5ABD9991F28F}") = "03.Var_2_task_3", "03.Var_2_task_3\03.Var_2_task_3.vbproj", "{8F511BEC-A74F-4F91-AF8B-D16EA1068643}"
EndProject
Project("{F184B08F-C81C-45F6-A57F-5ABD9991F28F}") = "04.Var_3_task_1", "04.Var_3_task_1\04.Var_3_task_1.vbproj", "{AF682ABE-08CE-4C22-9946-5C7296A01CF2}"
EndProject
Project("{F184B08F-C81C-45F6-A57F-5ABD9991F28F}") = "04.Var_3_task_2", "04.Var_3_task_2\04.Var_3_task_2.vbproj", "{91F2C685-1695-4193-AF19-3C4E3F1E8647}"
EndProject
Project("{F184B08F-C81C-45F6-A57F-5ABD9991F28F}") = "04.Var_3_task_3", "04.Var_3_task_3\04.Var_3_task_3.vbproj", "{4FCD71B0-7D10-48D1-8353-B8A4EEA37626}"
EndProject
Project("{F184B08F-C81C-45F6-A57F-5ABD9991F28F}") = "05.Var_4_task_1", "05.Var_4_task_1\05.Var_4_task_1.vbproj", "{6C80FE5B-D132-40F5-8FCF-95D48E88D6EA}"
EndProject
Project("{F184B08F-C81C-45F6-A57F-5ABD9991F28F}") = "05.Var_4_task_2", "05.Var_4_task_2\05.Var_4_task_2.vbproj", "{F5E2AD28-85B1-4B1B-9A29-2BE9E5C8398C}"
EndProject
Project("{F184B08F-C81C-45F6-A57F-5ABD9991F28F}") = "05.Var_4_task_3", "05.Var_4_task_3\05.Var_4_task_3.vbproj", "{3193DAFB-EF50-4C81-9FDF-408A5AEBA1B5}"
EndProject
Global
	GlobalSection(SolutionConfigurationPlatforms) = preSolution
		Debug|Any CPU = Debug|Any CPU
		Release|Any CPU = Release|Any CPU
	EndGlobalSection
	GlobalSection(ProjectConfigurationPlatforms) = postSolution
		{1EE4AAAF-303A-498D-9F56-B8B9C4DD8AE6}.Debug|Any CPU.ActiveCfg = Debug|Any CPU
		{1EE4AAAF-303A-498D-9F56-B8B9C4DD8AE6}.Debug|Any CPU.Build.0 = Debug|Any CPU
		{1EE4AAAF-303A-498D-9F56-B8B9C4DD8AE6}.Release|Any CPU.ActiveCfg = Release|Any CPU
		{1EE4AAAF-303A-498D-9F56-B8B9C4DD8AE6}.Release|Any CPU.Build.0 = Release|Any CPU
		{59312A35-1C85-47D1-B7D1-0C332D4DCBBB}.Debug|Any CPU.ActiveCfg = Debug|Any CPU
		{59312A35-1C85-47D1-B7D1-0C332D4DCBBB}.Debug|Any CPU.Build.0 = Debug|Any CPU
		{59312A35-1C85-47D1-B7D1-0C332D4DCBBB}.Release|Any CPU.ActiveCfg = Release|Any CPU
		{59312A35-1C85-47D1-B7D1-0C332D4DCBBB}.Release|Any CPU.Build.0 = Release|Any CPU
		{C89D4AD0-3D7A-4EED-8EF1-5E735AA980DD}.Debug|Any CPU.ActiveCfg = Debug|Any CPU
		{C89D4AD0-3D7A-4EED-8EF1-5E735AA980DD}.Debug|Any CPU.Build.0 = Debug|Any CPU
		{C89D4AD0-3D7A-4EED-8EF1-5E735AA980DD}.Release|Any CPU.ActiveCfg = Release|Any CPU
		{C89D4AD0-3D7A-4EED-8EF1-5E735AA980DD}.Release|Any CPU.Build.0 = Release|Any CPU
		{4181262D-2CCB-472C-973B-90B0FB80D85C}.Debug|Any CPU.ActiveCfg = Debug|Any CPU
		{4181262D-2CCB-472C-973B-90B0FB80D85C}.Debug|Any CPU.Build.0 = Debug|Any CPU
		{4181262D-2CCB-472C-973B-90B0FB80D85C}.Release|Any CPU.ActiveCfg = Release|Any CPU
		{4181262D-2CCB-472C-973B-90B0FB80D85C}.Release|Any CPU.Build.0 = Release|Any CPU
		{801DD4D8-B5BF-4A8E-9A77-02F967F3F136}.Debug|Any CPU.ActiveCfg = Debug|Any CPU
		{801DD4D8-B5BF-4A8E-9A77-02F967F3F136}.Debug|Any CPU.Build.0 = Debug|Any CPU
		{801DD4D8-B5BF-4A8E-9A77-02F967F3F136}.Release|Any CPU.ActiveCfg = Release|Any CPU
		{801DD4D8-B5BF-4A8E-9A77-02F967F3F136}.Release|Any CPU.Build.0 = Release|Any CPU
		{A1C935FF-C84F-4E03-A558-1B5E3E179604}.Debug|Any CPU.ActiveCfg = Debug|Any CPU
		{A1C935FF-C84F-4E03-A558-1B5E3E179604}.Debug|Any CPU.Build.0 = Debug|Any CPU
		{A1C935FF-C84F-4E03-A558-1B5E3E179604}.Release|Any CPU.ActiveCfg = Release|Any CPU
		{A1C935FF-C84F-4E03-A558-1B5E3E179604}.Release|Any CPU.Build.0 = Release|Any CPU
		{8F511BEC-A74F-4F91-AF8B-D16EA1068643}.Debug|Any CPU.ActiveCfg = Debug|Any CPU
		{8F511BEC-A74F-4F91-AF8B-D16EA1068643}.Debug|Any CPU.Build.0 = Debug|Any CPU
		{8F511BEC-A74F-4F91-AF8B-D16EA1068643}.Release|Any CPU.ActiveCfg = Release|Any CPU
		{8F511BEC-A74F-4F91-AF8B-D16EA1068643}.Release|Any CPU.Build.0 = Release|Any CPU
		{AF682ABE-08CE-4C22-9946-5C7296A01CF2}.Debug|Any CPU.ActiveCfg = Debug|Any CPU
		{AF682ABE-08CE-4C22-9946-5C7296A01CF2}.Debug|Any CPU.Build.0 = Debug|Any CPU
		{AF682ABE-08CE-4C22-9946-5C7296A01CF2}.Release|Any CPU.ActiveCfg = Release|Any CPU
		{AF682ABE-08CE-4C22-9946-5C7296A01CF2}.Release|Any CPU.Build.0 = Release|Any CPU
		{91F2C685-1695-4193-AF19-3C4E3F1E8647}.Debug|Any CPU.ActiveCfg = Debug|Any CPU
		{91F2C685-1695-4193-AF19-3C4E3F1E8647}.Debug|Any CPU.Build.0 = Debug|Any CPU
		{91F2C685-1695-4193-AF19-3C4E3F1E8647}.Release|Any CPU.ActiveCfg = Release|Any CPU
		{91F2C685-1695-4193-AF19-3C4E3F1E8647}.Release|Any CPU.Build.0 = Release|Any CPU
		{4FCD71B0-7D10-48D1-8353-B8A4EEA37626}.Debug|Any CPU.ActiveCfg = Debug|Any CPU
		{4FCD71B0-7D10-48D1-8353-B8A4EEA37626}.Debug|Any CPU.Build.0 = Debug|Any CPU
		{4FCD71B0-7D10-48D1-8353-B8A4EEA37626}.Release|Any CPU.ActiveCfg = Release|Any CPU
		{4FCD71B0-7D10-48D1-8353-B8A4EEA37626}.Release|Any CPU.Build.0 = Release|Any CPU
		{6C80FE5B-D132-40F5-8FCF-95D48E88D6EA}.Debug|Any CPU.ActiveCfg = Debug|Any CPU
		{6C80FE5B-D132-40F5-8FCF-95D48E88D6EA}.Debug|Any CPU.Build.0 = Debug|Any CPU
		{6C80FE5B-D132-40F5-8FCF-95D48E88D6EA}.Release|Any CPU.ActiveCfg = Release|Any CPU
		{6C80FE5B-D132-40F5-8FCF-95D48E88D6EA}.Release|Any CPU.Build.0 = Release|Any CPU
		{F5E2AD28-85B1-4B1B-9A29-2BE9E5C8398C}.Debug|Any CPU.ActiveCfg = Debug|Any CPU
		{F5E2AD28-85B1-4B1B-9A29-2BE9E5C8398C}.Debug|Any CPU.Build.0 = Debug|Any CPU
		{F5E2AD28-85B1-4B1B-9A29-2BE9E5C8398C}.Release|Any CPU.ActiveCfg = Release|Any CPU
		{F5E2AD28-85B1-4B1B-9A29-2BE9E5C8398C}.Release|Any CPU.Build.0 = Release|Any CPU
		{3193DAFB-EF50-4C81-9FDF-408A5AEBA1B5}.Debug|Any CPU.ActiveCfg = Debug|Any CPU
		{3193DAFB-EF50-4C81-9FDF-408A5AEBA1B5}.Debug|Any CPU.Build.0 = Debug|Any CPU
		{3193DAFB-EF50-4C81-9FDF-408A5AEBA1B5}.Release|Any CPU.ActiveCfg = Release|Any CPU
		{3193DAFB-EF50-4C81-9FDF-408A5AEBA1B5}.Release|Any CPU.Build.0 = Release|Any CPU
	EndGlobalSection
	GlobalSection(SolutionProperties) = preSolution
		HideSolutionNode = FALSE
	EndGlobalSection
EndGlobal
